
Microsoft Visual Studio Solution File, Format Version 12.00
Project("{FAE04EC0-301F-11D3-BF4B-00C04F79EFBC}") = "ESourcing.Products", "ESourcing.Products\ESourcing.Products.csproj", "{FE288E75-1C90-4B27-BC49-CA2658F3FD84}"
EndProject
Global
	GlobalSection(SolutionConfigurationPlatforms) = preSolution
		Debug|Any CPU = Debug|Any CPU
		Release|Any CPU = Release|Any CPU
	EndGlobalSection
	GlobalSection(ProjectConfigurationPlatforms) = postSolution
		{FE288E75-1C90-4B27-BC49-CA2658F3FD84}.Debug|Any CPU.ActiveCfg = Debug|Any CPU
		{FE288E75-1C90-4B27-BC49-CA2658F3FD84}.Debug|Any CPU.Build.0 = Debug|Any CPU
		{FE288E75-1C90-4B27-BC49-CA2658F3FD84}.Release|Any CPU.ActiveCfg = Release|Any CPU
		{FE288E75-1C90-4B27-BC49-CA2658F3FD84}.Release|Any CPU.Build.0 = Release|Any CPU
	EndGlobalSection
EndGlobal
